<?xml version="1.0" encoding="UTF-8" standalone="yes" ?>
<CodeBlocks_project_file>
	<FileVersion major="1" minor="6" />
	<Project>
		<Option title="CCPlayer" />
		<Option pch_mode="2" />
		<Option compiler="gcc" />
		<Build>
			<Target title="Debug">
				<Option output="bin\Debug\CCPlayer" prefix_auto="1" extension_auto="1" />
				<Option object_output="obj\Debug\" />
				<Option type="1" />
				<Option compiler="gcc" />
				<Option parameters="test.flv" />
				<Compiler>
					<Add option="-g" />
				</Compiler>
			</Target>
			<Target title="Release">
				<Option output="bin\Release\CCPlayer" prefix_auto="1" extension_auto="1" />
				<Option object_output="obj\Release\" />
				<Option type="1" />
				<Option compiler="gcc" />
				<Compiler>
					<Add option="-O2" />
				</Compiler>
				<Linker>
					<Add option="-s" />
				</Linker>
			</Target>
		</Build>
		<Compiler>
			<Add option="-Wall" />
			<Add option="-fexceptions -fpermissive -std=gnu++0x" />
			<Add directory="include" />
			<Add directory="plugins\openal-1.14\include" />
			<Add directory="plugins\pthread-2.9.1\include" />
			<Add directory="plugins\ffmpeg-0.10.4\include" />
			<Add directory="include\ccLib" />
			<Add directory="include\ccLib\common" />
			<Add directory="include\platformWin32" />
			<Add directory="include\platformWin32\videoModule" />
		</Compiler>
		<Linker>
			<Add library="gdi32" />
			<Add library="Winmm" />
			<Add library="pthread" />
			<Add library="opengl32" />
			<Add library="glu32" />
			<Add library="avutil.dll" />
			<Add library="swscale.dll" />
			<Add library="avcodec.dll" />
			<Add library="avformat.dll" />
			<Add library="OpenAL32.dll" />
			<Add directory="plugins\openal-1.14\lib" />
			<Add directory="plugins\ffmpeg-0.10.4\lib" />
		</Linker>
		<Unit filename="include\ccLib\AudioDecoder.h" />
		<Unit filename="include\ccLib\AudioRender.h" />
		<Unit filename="include\ccLib\DataManager.h" />
		<Unit filename="include\ccLib\IRSPCommand.h" />
		<Unit filename="include\ccLib\Player.h" />
		<Unit filename="include\ccLib\VideoDecoder.h" />
		<Unit filename="include\ccLib\VideoRender.h" />
		<Unit filename="include\ccLib\common\ALWrapper.h" />
		<Unit filename="include\ccLib\common\Any.h" />
		<Unit filename="include\ccLib\common\AudioDef.h" />
		<Unit filename="include\ccLib\common\Common.h" />
		<Unit filename="include\ccLib\common\Event.h" />
		<Unit filename="include\ccLib\common\FrequencyWorker.h" />
		<Unit filename="include\ccLib\common\GLWrapper.h" />
		<Unit filename="include\ccLib\common\IMessageReceiver.h" />
		<Unit filename="include\ccLib\common\MessageCenter.h" />
		<Unit filename="include\ccLib\common\ModuleManager.h" />
		<Unit filename="include\ccLib\common\Mutex.h" />
		<Unit filename="include\ccLib\common\RWLock.h" />
		<Unit filename="include\ccLib\common\SmartPtr.h" />
		<Unit filename="include\ccLib\common\SpinLock.h" />
		<Unit filename="include\ccLib\common\SystemAlarm.h" />
		<Unit filename="include\ccLib\common\Thread.h" />
		<Unit filename="include\ccLib\common\Timer.h" />
		<Unit filename="include\ccLib\common\UIGLView.h" />
		<Unit filename="include\ccLib\common\UIObject.h" />
		<Unit filename="include\ccLib\common\UIWindow.h" />
		<Unit filename="include\ccLib\common\VideoDef.h" />
		<Unit filename="include\platformWin32\App.h" />
		<Unit filename="include\platformWin32\GLViewImplWin32.h" />
		<Unit filename="include\platformWin32\Win32Def.h" />
		<Unit filename="include\platformWin32\WindowImplWin32.h" />
		<Unit filename="main.cpp" />
		<Unit filename="src\ccLib\AudioDecoder.cpp" />
		<Unit filename="src\ccLib\AudioRender.cpp" />
		<Unit filename="src\ccLib\DataManager.cpp" />
		<Unit filename="src\ccLib\Player.cpp" />
		<Unit filename="src\ccLib\VideoDecoder.cpp" />
		<Unit filename="src\ccLib\VideoRender.cpp" />
		<Unit filename="src\ccLib\common\ALWrapper.cpp" />
		<Unit filename="src\ccLib\common\Common.cpp" />
		<Unit filename="src\ccLib\common\FrequencyWorker.cpp" />
		<Unit filename="src\ccLib\common\GLWrapper.cpp" />
		<Unit filename="src\ccLib\common\MessageCenter.cpp" />
		<Unit filename="src\ccLib\common\ModuleManager.cpp" />
		<Unit filename="src\ccLib\common\SystemAlarm.cpp" />
		<Unit filename="src\ccLib\common\Thread.cpp" />
		<Unit filename="src\ccLib\common\Timer.cpp" />
		<Unit filename="src\ccLib\common\UIGLView.cpp" />
		<Unit filename="src\ccLib\common\UIWindow.cpp" />
		<Unit filename="src\platformWin32\App.cpp" />
		<Unit filename="src\platformWin32\GLViewImplWin32.cpp" />
		<Unit filename="src\platformWin32\WindowImplWin32.cpp" />
		<Extensions>
			<code_completion />
			<envvars />
			<debugger />
			<lib_finder disable_auto="1" />
		</Extensions>
	</Project>
</CodeBlocks_project_file>
